// !$*UTF8*$!
{
	archiveVersion = 1;
	classes = {
	};
	objectVersion = 51;
	objects = {

/* Begin PBXBuildFile section */
		0C43031E314121543AE9EC34 /* Pods_Messenger.framework in Frameworks */ = {isa = PBXBuildFile; fileRef = C98A207CBA9C46A296F29A10 /* Pods_Messenger.framework */; };
		E07EAD1724C5378E0010A31A /* AppDelegate.swift in Sources */ = {isa = PBXBuildFile; fileRef = E07EAD1624C5378E0010A31A /* AppDelegate.swift */; };
		E07EAD1924C5378E0010A31A /* SceneDelegate.swift in Sources */ = {isa = PBXBuildFile; fileRef = E07EAD1824C5378E0010A31A /* SceneDelegate.swift */; };
		E07EAD1B24C5378E0010A31A /* ConversationsViewController.swift in Sources */ = {isa = PBXBuildFile; fileRef = E07EAD1A24C5378E0010A31A /* ConversationsViewController.swift */; };
		E07EAD1E24C5378E0010A31A /* Main.storyboard in Resources */ = {isa = PBXBuildFile; fileRef = E07EAD1C24C5378E0010A31A /* Main.storyboard */; };
		E07EAD2024C537900010A31A /* Assets.xcassets in Resources */ = {isa = PBXBuildFile; fileRef = E07EAD1F24C537900010A31A /* Assets.xcassets */; };
		E07EAD2324C537900010A31A /* LaunchScreen.storyboard in Resources */ = {isa = PBXBuildFile; fileRef = E07EAD2124C537900010A31A /* LaunchScreen.storyboard */; };
		E07EAD3124C5399F0010A31A /* LoginViewController.swift in Sources */ = {isa = PBXBuildFile; fileRef = E07EAD3024C5399F0010A31A /* LoginViewController.swift */; };
		E07EAD3324C539AF0010A31A /* RegisterViewController.swift in Sources */ = {isa = PBXBuildFile; fileRef = E07EAD3224C539AF0010A31A /* RegisterViewController.swift */; };
		E07EAD3524C539D20010A31A /* PhotoViewerViewController.swift in Sources */ = {isa = PBXBuildFile; fileRef = E07EAD3424C539D20010A31A /* PhotoViewerViewController.swift */; };
		E07EAD3724C539DF0010A31A /* VideoPlayerViewController.swift in Sources */ = {isa = PBXBuildFile; fileRef = E07EAD3624C539DF0010A31A /* VideoPlayerViewController.swift */; };
		E07EAD3924C53A090010A31A /* NewConversationViewController.swift in Sources */ = {isa = PBXBuildFile; fileRef = E07EAD3824C53A090010A31A /* NewConversationViewController.swift */; };
		E07EAD3B24C53A2C0010A31A /* ProfileViewController.swift in Sources */ = {isa = PBXBuildFile; fileRef = E07EAD3A24C53A2C0010A31A /* ProfileViewController.swift */; };
		E07EAD3E24C540780010A31A /* Extensions.swift in Sources */ = {isa = PBXBuildFile; fileRef = E07EAD3D24C540780010A31A /* Extensions.swift */; };
		E0C4633124C5557900016791 /* GoogleService-Info.plist in Resources */ = {isa = PBXBuildFile; fileRef = E0C4633024C5557900016791 /* GoogleService-Info.plist */; };
		E0C4633324C561B600016791 /* DatabaseManager.swift in Sources */ = {isa = PBXBuildFile; fileRef = E0C4633224C561B600016791 /* DatabaseManager.swift */; };
/* End PBXBuildFile section */

/* Begin PBXFileReference section */
		31870C8878D1000DEE244B00 /* Pods-Messenger.release.xcconfig */ = {isa = PBXFileReference; includeInIndex = 1; lastKnownFileType = text.xcconfig; name = "Pods-Messenger.release.xcconfig"; path = "Target Support Files/Pods-Messenger/Pods-Messenger.release.xcconfig"; sourceTree = "<group>"; };
		76EDBD19E89794993F7825B7 /* Pods-Messenger.debug.xcconfig */ = {isa = PBXFileReference; includeInIndex = 1; lastKnownFileType = text.xcconfig; name = "Pods-Messenger.debug.xcconfig"; path = "Target Support Files/Pods-Messenger/Pods-Messenger.debug.xcconfig"; sourceTree = "<group>"; };
		C98A207CBA9C46A296F29A10 /* Pods_Messenger.framework */ = {isa = PBXFileReference; explicitFileType = wrapper.framework; includeInIndex = 0; path = Pods_Messenger.framework; sourceTree = BUILT_PRODUCTS_DIR; };
		E07EAD1324C5378E0010A31A /* Messenger.app */ = {isa = PBXFileReference; explicitFileType = wrapper.application; includeInIndex = 0; path = Messenger.app; sourceTree = BUILT_PRODUCTS_DIR; };
		E07EAD1624C5378E0010A31A /* AppDelegate.swift */ = {isa = PBXFileReference; lastKnownFileType = sourcecode.swift; path = AppDelegate.swift; sourceTree = "<group>"; };
		E07EAD1824C5378E0010A31A /* SceneDelegate.swift */ = {isa = PBXFileReference; lastKnownFileType = sourcecode.swift; path = SceneDelegate.swift; sourceTree = "<group>"; };
		E07EAD1A24C5378E0010A31A /* ConversationsViewController.swift */ = {isa = PBXFileReference; lastKnownFileType = sourcecode.swift; path = ConversationsViewController.swift; sourceTree = "<group>"; };
		E07EAD1D24C5378E0010A31A /* Base */ = {isa = PBXFileReference; lastKnownFileType = file.storyboard; name = Base; path = Base.lproj/Main.storyboard; sourceTree = "<group>"; };
		E07EAD1F24C537900010A31A /* Assets.xcassets */ = {isa = PBXFileReference; lastKnownFileType = folder.assetcatalog; path = Assets.xcassets; sourceTree = "<group>"; };
		E07EAD2224C537900010A31A /* Base */ = {isa = PBXFileReference; lastKnownFileType = file.storyboard; name = Base; path = Base.lproj/LaunchScreen.storyboard; sourceTree = "<group>"; };
		E07EAD2424C537900010A31A /* Info.plist */ = {isa = PBXFileReference; lastKnownFileType = text.plist.xml; path = Info.plist; sourceTree = "<group>"; };
		E07EAD3024C5399F0010A31A /* LoginViewController.swift */ = {isa = PBXFileReference; lastKnownFileType = sourcecode.swift; path = LoginViewController.swift; sourceTree = "<group>"; };
		E07EAD3224C539AF0010A31A /* RegisterViewController.swift */ = {isa = PBXFileReference; lastKnownFileType = sourcecode.swift; path = RegisterViewController.swift; sourceTree = "<group>"; };
		E07EAD3424C539D20010A31A /* PhotoViewerViewController.swift */ = {isa = PBXFileReference; lastKnownFileType = sourcecode.swift; path = PhotoViewerViewController.swift; sourceTree = "<group>"; };
		E07EAD3624C539DF0010A31A /* VideoPlayerViewController.swift */ = {isa = PBXFileReference; lastKnownFileType = sourcecode.swift; path = VideoPlayerViewController.swift; sourceTree = "<group>"; };
		E07EAD3824C53A090010A31A /* NewConversationViewController.swift */ = {isa = PBXFileReference; lastKnownFileType = sourcecode.swift; path = NewConversationViewController.swift; sourceTree = "<group>"; };
		E07EAD3A24C53A2C0010A31A /* ProfileViewController.swift */ = {isa = PBXFileReference; lastKnownFileType = sourcecode.swift; path = ProfileViewController.swift; sourceTree = "<group>"; };
		E07EAD3D24C540780010A31A /* Extensions.swift */ = {isa = PBXFileReference; lastKnownFileType = sourcecode.swift; path = Extensions.swift; sourceTree = "<group>"; };
		E0C4633024C5557900016791 /* GoogleService-Info.plist */ = {isa = PBXFileReference; fileEncoding = 4; lastKnownFileType = text.plist.xml; path = "GoogleService-Info.plist"; sourceTree = "<group>"; };
		E0C4633224C561B600016791 /* DatabaseManager.swift */ = {isa = PBXFileReference; lastKnownFileType = sourcecode.swift; path = DatabaseManager.swift; sourceTree = "<group>"; };
/* End PBXFileReference section */

/* Begin PBXFrameworksBuildPhase section */
		E07EAD1024C5378E0010A31A /* Frameworks */ = {
			isa = PBXFrameworksBuildPhase;
			buildActionMask = 2147483647;
			files = (
				0C43031E314121543AE9EC34 /* Pods_Messenger.framework in Frameworks */,
			);
			runOnlyForDeploymentPostprocessing = 0;
		};
/* End PBXFrameworksBuildPhase section */

/* Begin PBXGroup section */
		95E887A05AEE2E61CC249636 /* Pods */ = {
			isa = PBXGroup;
			children = (
				76EDBD19E89794993F7825B7 /* Pods-Messenger.debug.xcconfig */,
				31870C8878D1000DEE244B00 /* Pods-Messenger.release.xcconfig */,
			);
			path = Pods;
			sourceTree = "<group>";
		};
		BC59BEF254072C825B957C88 /* Frameworks */ = {
			isa = PBXGroup;
			children = (
				C98A207CBA9C46A296F29A10 /* Pods_Messenger.framework */,
			);
			name = Frameworks;
			sourceTree = "<group>";
		};
		E07EAD0A24C5378E0010A31A = {
			isa = PBXGroup;
			children = (
				E07EAD1524C5378E0010A31A /* Messenger */,
				E07EAD1424C5378E0010A31A /* Products */,
				95E887A05AEE2E61CC249636 /* Pods */,
				BC59BEF254072C825B957C88 /* Frameworks */,
			);
			sourceTree = "<group>";
		};
		E07EAD1424C5378E0010A31A /* Products */ = {
			isa = PBXGroup;
			children = (
				E07EAD1324C5378E0010A31A /* Messenger.app */,
			);
			name = Products;
			sourceTree = "<group>";
		};
		E07EAD1524C5378E0010A31A /* Messenger */ = {
			isa = PBXGroup;
			children = (
				E07EAD2E24C538900010A31A /* Resources */,
				E07EAD2D24C538860010A31A /* ViewModels */,
				E07EAD2C24C5387D0010A31A /* Models */,
				E07EAD2B24C538770010A31A /* Views */,
				E07EAD2A24C538700010A31A /* Controllers */,
				E07EAD2424C537900010A31A /* Info.plist */,
				E0C4633024C5557900016791 /* GoogleService-Info.plist */,
			);
			path = Messenger;
			sourceTree = "<group>";
		};
		E07EAD2A24C538700010A31A /* Controllers */ = {
			isa = PBXGroup;
			children = (
				E07EAD1A24C5378E0010A31A /* ConversationsViewController.swift */,
				E07EAD3C24C53B690010A31A /* Login */,
				E07EAD3424C539D20010A31A /* PhotoViewerViewController.swift */,
				E07EAD3624C539DF0010A31A /* VideoPlayerViewController.swift */,
				E07EAD3824C53A090010A31A /* NewConversationViewController.swift */,
				E07EAD3A24C53A2C0010A31A /* ProfileViewController.swift */,
			);
			path = Controllers;
			sourceTree = "<group>";
		};
		E07EAD2B24C538770010A31A /* Views */ = {
			isa = PBXGroup;
			children = (
				E07EAD2F24C538C00010A31A /* Storyboards */,
				E07EAD1F24C537900010A31A /* Assets.xcassets */,
			);
			path = Views;
			sourceTree = "<group>";
		};
		E07EAD2C24C5387D0010A31A /* Models */ = {
			isa = PBXGroup;
			children = (
			);
			path = Models;
			sourceTree = "<group>";
		};
		E07EAD2D24C538860010A31A /* ViewModels */ = {
			isa = PBXGroup;
			children = (
			);
			path = ViewModels;
			sourceTree = "<group>";
		};
		E07EAD2E24C538900010A31A /* Resources */ = {
			isa = PBXGroup;
			children = (
				E07EAD1624C5378E0010A31A /* AppDelegate.swift */,
				E07EAD1824C5378E0010A31A /* SceneDelegate.swift */,
				E07EAD3D24C540780010A31A /* Extensions.swift */,
				E0C4633224C561B600016791 /* DatabaseManager.swift */,
			);
			path = Resources;
			sourceTree = "<group>";
		};
		E07EAD2F24C538C00010A31A /* Storyboards */ = {
			isa = PBXGroup;
			children = (
				E07EAD2124C537900010A31A /* LaunchScreen.storyboard */,
				E07EAD1C24C5378E0010A31A /* Main.storyboard */,
			);
			path = Storyboards;
			sourceTree = "<group>";
		};
		E07EAD3C24C53B690010A31A /* Login */ = {
			isa = PBXGroup;
			children = (
				E07EAD3024C5399F0010A31A /* LoginViewController.swift */,
				E07EAD3224C539AF0010A31A /* RegisterViewController.swift */,
			);
			path = Login;
			sourceTree = "<group>";
		};
/* End PBXGroup section */

/* Begin PBXNativeTarget section */
		E07EAD1224C5378E0010A31A /* Messenger */ = {
			isa = PBXNativeTarget;
			buildConfigurationList = E07EAD2724C537900010A31A /* Build configuration list for PBXNativeTarget "Messenger" */;
			buildPhases = (
				374EA1FE5ED64BE6D2FE6063 /* [CP] Check Pods Manifest.lock */,
				E07EAD0F24C5378E0010A31A /* Sources */,
				E07EAD1024C5378E0010A31A /* Frameworks */,
				E07EAD1124C5378E0010A31A /* Resources */,
				0F90DF05D465B232E7C78F01 /* [CP] Embed Pods Frameworks */,
			);
			buildRules = (
			);
			dependencies = (
			);
			name = Messenger;
			productName = Messenger;
			productReference = E07EAD1324C5378E0010A31A /* Messenger.app */;
			productType = "com.apple.product-type.application";
		};
/* End PBXNativeTarget section */

/* Begin PBXProject section */
		E07EAD0B24C5378E0010A31A /* Project object */ = {
			isa = PBXProject;
			attributes = {
				LastSwiftUpdateCheck = 1150;
				LastUpgradeCheck = 1150;
				ORGANIZATIONNAME = "Peter Bassem";
				TargetAttributes = {
					E07EAD1224C5378E0010A31A = {
						CreatedOnToolsVersion = 11.5;
					};
				};
			};
			buildConfigurationList = E07EAD0E24C5378E0010A31A /* Build configuration list for PBXProject "Messenger" */;
			compatibilityVersion = "Xcode 9.3";
			developmentRegion = en;
			hasScannedForEncodings = 0;
			knownRegions = (
				en,
				Base,
			);
			mainGroup = E07EAD0A24C5378E0010A31A;
			productRefGroup = E07EAD1424C5378E0010A31A /* Products */;
			projectDirPath = "";
			projectRoot = "";
			targets = (
				E07EAD1224C5378E0010A31A /* Messenger */,
			);
		};
/* End PBXProject section */

/* Begin PBXResourcesBuildPhase section */
		E07EAD1124C5378E0010A31A /* Resources */ = {
			isa = PBXResourcesBuildPhase;
			buildActionMask = 2147483647;
			files = (
				E07EAD2324C537900010A31A /* LaunchScreen.storyboard in Resources */,
				E0C4633124C5557900016791 /* GoogleService-Info.plist in Resources */,
				E07EAD2024C537900010A31A /* Assets.xcassets in Resources */,
				E07EAD1E24C5378E0010A31A /* Main.storyboard in Resources */,
			);
			runOnlyForDeploymentPostprocessing = 0;
		};
/* End PBXResourcesBuildPhase section */

/* Begin PBXShellScriptBuildPhase section */
		0F90DF05D465B232E7C78F01 /* [CP] Embed Pods Frameworks */ = {
			isa = PBXShellScriptBuildPhase;
			buildActionMask = 2147483647;
			files = (
			);
			inputFileListPaths = (
				"${PODS_ROOT}/Target Support Files/Pods-Messenger/Pods-Messenger-frameworks-${CONFIGURATION}-input-files.xcfilelist",
			);
			name = "[CP] Embed Pods Frameworks";
			outputFileListPaths = (
				"${PODS_ROOT}/Target Support Files/Pods-Messenger/Pods-Messenger-frameworks-${CONFIGURATION}-output-files.xcfilelist",
			);
			runOnlyForDeploymentPostprocessing = 0;
			shellPath = /bin/sh;
			shellScript = "\"${PODS_ROOT}/Target Support Files/Pods-Messenger/Pods-Messenger-frameworks.sh\"\n";
			showEnvVarsInLog = 0;
		};
		374EA1FE5ED64BE6D2FE6063 /* [CP] Check Pods Manifest.lock */ = {
			isa = PBXShellScriptBuildPhase;
			buildActionMask = 2147483647;
			files = (
			);
			inputFileListPaths = (
			);
			inputPaths = (
				"${PODS_PODFILE_DIR_PATH}/Podfile.lock",
				"${PODS_ROOT}/Manifest.lock",
			);
			name = "[CP] Check Pods Manifest.lock";
			outputFileListPaths = (
			);
			outputPaths = (
				"$(DERIVED_FILE_DIR)/Pods-Messenger-checkManifestLockResult.txt",
			);
			runOnlyForDeploymentPostprocessing = 0;
			shellPath = /bin/sh;
			shellScript = "diff \"${PODS_PODFILE_DIR_PATH}/Podfile.lock\" \"${PODS_ROOT}/Manifest.lock\" > /dev/null\nif [ $? != 0 ] ; then\n    # print error to STDERR\n    echo \"error: The sandbox is not in sync with the Podfile.lock. Run 'pod install' or update your CocoaPods installation.\" >&2\n    exit 1\nfi\n# This output is used by Xcode 'outputs' to avoid re-running this script phase.\necho \"SUCCESS\" > \"${SCRIPT_OUTPUT_FILE_0}\"\n";
			showEnvVarsInLog = 0;
		};
/* End PBXShellScriptBuildPhase section */

/* Begin PBXSourcesBuildPhase section */
		E07EAD0F24C5378E0010A31A /* Sources */ = {
			isa = PBXSourcesBuildPhase;
			buildActionMask = 2147483647;
			files = (
				E07EAD3124C5399F0010A31A /* LoginViewController.swift in Sources */,
				E0C4633324C561B600016791 /* DatabaseManager.swift in Sources */,
				E07EAD3324C539AF0010A31A /* RegisterViewController.swift in Sources */,
				E07EAD3924C53A090010A31A /* NewConversationViewController.swift in Sources */,
				E07EAD1B24C5378E0010A31A /* ConversationsViewController.swift in Sources */,
				E07EAD3724C539DF0010A31A /* VideoPlayerViewController.swift in Sources */,
				E07EAD3E24C540780010A31A /* Extensions.swift in Sources */,
				E07EAD1724C5378E0010A31A /* AppDelegate.swift in Sources */,
				E07EAD3B24C53A2C0010A31A /* ProfileViewController.swift in Sources */,
				E07EAD1924C5378E0010A31A /* SceneDelegate.swift in Sources */,
				E07EAD3524C539D20010A31A /* PhotoViewerViewController.swift in Sources */,
			);
			runOnlyForDeploymentPostprocessing = 0;
		};
/* End PBXSourcesBuildPhase section */

/* Begin PBXVariantGroup section */
		E07EAD1C24C5378E0010A31A /* Main.storyboard */ = {
			isa = PBXVariantGroup;
			children = (
				E07EAD1D24C5378E0010A31A /* Base */,
			);
			name = Main.storyboard;
			sourceTree = "<group>";
		};
		E07EAD2124C537900010A31A /* LaunchScreen.storyboard */ = {
			isa = PBXVariantGroup;
			children = (
				E07EAD2224C537900010A31A /* Base */,
			);
			name = LaunchScreen.storyboard;
			sourceTree = "<group>";
		};
/* End PBXVariantGroup section */

/* Begin XCBuildConfiguration section */
		E07EAD2524C537900010A31A /* Debug */ = {
			isa = XCBuildConfiguration;
			buildSettings = {
				ALWAYS_SEARCH_USER_PATHS = NO;
				CLANG_ANALYZER_NONNULL = YES;
				CLANG_ANALYZER_NUMBER_OBJECT_CONVERSION = YES_AGGRESSIVE;
				CLANG_CXX_LANGUAGE_STANDARD = "gnu++14";
				CLANG_CXX_LIBRARY = "libc++";
				CLANG_ENABLE_MODULES = YES;
				CLANG_ENABLE_OBJC_ARC = YES;
				CLANG_ENABLE_OBJC_WEAK = YES;
				CLANG_WARN_BLOCK_CAPTURE_AUTORELEASING = YES;
				CLANG_WARN_BOOL_CONVERSION = YES;
				CLANG_WARN_COMMA = YES;
				CLANG_WARN_CONSTANT_CONVERSION = YES;
				CLANG_WARN_DEPRECATED_OBJC_IMPLEMENTATIONS = YES;
				CLANG_WARN_DIRECT_OBJC_ISA_USAGE = YES_ERROR;
				CLANG_WARN_DOCUMENTATION_COMMENTS = YES;
				CLANG_WARN_EMPTY_BODY = YES;
				CLANG_WARN_ENUM_CONVERSION = YES;
				CLANG_WARN_INFINITE_RECURSION = YES;
				CLANG_WARN_INT_CONVERSION = YES;
				CLANG_WARN_NON_LITERAL_NULL_CONVERSION = YES;
				CLANG_WARN_OBJC_IMPLICIT_RETAIN_SELF = YES;
				CLANG_WARN_OBJC_LITERAL_CONVERSION = YES;
				CLANG_WARN_OBJC_ROOT_CLASS = YES_ERROR;
				CLANG_WARN_RANGE_LOOP_ANALYSIS = YES;
				CLANG_WARN_STRICT_PROTOTYPES = YES;
				CLANG_WARN_SUSPICIOUS_MOVE = YES;
				CLANG_WARN_UNGUARDED_AVAILABILITY = YES_AGGRESSIVE;
				CLANG_WARN_UNREACHABLE_CODE = YES;
				CLANG_WARN__DUPLICATE_METHOD_MATCH = YES;
				COPY_PHASE_STRIP = NO;
				DEBUG_INFORMATION_FORMAT = dwarf;
				ENABLE_STRICT_OBJC_MSGSEND = YES;
				ENABLE_TESTABILITY = YES;
				GCC_C_LANGUAGE_STANDARD = gnu11;
				GCC_DYNAMIC_NO_PIC = NO;
				GCC_NO_COMMON_BLOCKS = YES;
				GCC_OPTIMIZATION_LEVEL = 0;
				GCC_PREPROCESSOR_DEFINITIONS = (
					"DEBUG=1",
					"$(inherited)",
				);
				GCC_WARN_64_TO_32_BIT_CONVERSION = YES;
				GCC_WARN_ABOUT_RETURN_TYPE = YES_ERROR;
				GCC_WARN_UNDECLARED_SELECTOR = YES;
				GCC_WARN_UNINITIALIZED_AUTOS = YES_AGGRESSIVE;
				GCC_WARN_UNUSED_FUNCTION = YES;
				GCC_WARN_UNUSED_VARIABLE = YES;
				IPHONEOS_DEPLOYMENT_TARGET = 13.5;
				MTL_ENABLE_DEBUG_INFO = INCLUDE_SOURCE;
				MTL_FAST_MATH = YES;
				ONLY_ACTIVE_ARCH = YES;
				SDKROOT = iphoneos;
				SWIFT_ACTIVE_COMPILATION_CONDITIONS = DEBUG;
				SWIFT_OPTIMIZATION_LEVEL = "-Onone";
			};
			name = Debug;
		};
		E07EAD2624C537900010A31A /* Release */ = {
			isa = XCBuildConfiguration;
			buildSettings = {
				ALWAYS_SEARCH_USER_PATHS = NO;
				CLANG_ANALYZER_NONNULL = YES;
				CLANG_ANALYZER_NUMBER_OBJECT_CONVERSION = YES_AGGRESSIVE;
				CLANG_CXX_LANGUAGE_STANDARD = "gnu++14";
				CLANG_CXX_LIBRARY = "libc++";
				CLANG_ENABLE_MODULES = YES;
				CLANG_ENABLE_OBJC_ARC = YES;
				CLANG_ENABLE_OBJC_WEAK = YES;
				CLANG_WARN_BLOCK_CAPTURE_AUTORELEASING = YES;
				CLANG_WARN_BOOL_CONVERSION = YES;
				CLANG_WARN_COMMA = YES;
				CLANG_WARN_CONSTANT_CONVERSION = YES;
				CLANG_WARN_DEPRECATED_OBJC_IMPLEMENTATIONS = YES;
				CLANG_WARN_DIRECT_OBJC_ISA_USAGE = YES_ERROR;
				CLANG_WARN_DOCUMENTATION_COMMENTS = YES;
				CLANG_WARN_EMPTY_BODY = YES;
				CLANG_WARN_ENUM_CONVERSION = YES;
				CLANG_WARN_INFINITE_RECURSION = YES;
				CLANG_WARN_INT_CONVERSION = YES;
				CLANG_WARN_NON_LITERAL_NULL_CONVERSION = YES;
				CLANG_WARN_OBJC_IMPLICIT_RETAIN_SELF = YES;
				CLANG_WARN_OBJC_LITERAL_CONVERSION = YES;
				CLANG_WARN_OBJC_ROOT_CLASS = YES_ERROR;
				CLANG_WARN_RANGE_LOOP_ANALYSIS = YES;
				CLANG_WARN_STRICT_PROTOTYPES = YES;
				CLANG_WARN_SUSPICIOUS_MOVE = YES;
				CLANG_WARN_UNGUARDED_AVAILABILITY = YES_AGGRESSIVE;
				CLANG_WARN_UNREACHABLE_CODE = YES;
				CLANG_WARN__DUPLICATE_METHOD_MATCH = YES;
				COPY_PHASE_STRIP = NO;
				DEBUG_INFORMATION_FORMAT = "dwarf-with-dsym";
				ENABLE_NS_ASSERTIONS = NO;
				ENABLE_STRICT_OBJC_MSGSEND = YES;
				GCC_C_LANGUAGE_STANDARD = gnu11;
				GCC_NO_COMMON_BLOCKS = YES;
				GCC_WARN_64_TO_32_BIT_CONVERSION = YES;
				GCC_WARN_ABOUT_RETURN_TYPE = YES_ERROR;
				GCC_WARN_UNDECLARED_SELECTOR = YES;
				GCC_WARN_UNINITIALIZED_AUTOS = YES_AGGRESSIVE;
				GCC_WARN_UNUSED_FUNCTION = YES;
				GCC_WARN_UNUSED_VARIABLE = YES;
				IPHONEOS_DEPLOYMENT_TARGET = 13.5;
				MTL_ENABLE_DEBUG_INFO = NO;
				MTL_FAST_MATH = YES;
				SDKROOT = iphoneos;
				SWIFT_COMPILATION_MODE = wholemodule;
				SWIFT_OPTIMIZATION_LEVEL = "-O";
				VALIDATE_PRODUCT = YES;
			};
			name = Release;
		};
		E07EAD2824C537900010A31A /* Debug */ = {
			isa = XCBuildConfiguration;
			baseConfigurationReference = 76EDBD19E89794993F7825B7 /* Pods-Messenger.debug.xcconfig */;
			buildSettings = {
				ASSETCATALOG_COMPILER_APPICON_NAME = AppIcon;
				CODE_SIGN_STYLE = Automatic;
				DEVELOPMENT_TEAM = 7V9A3KLB32;
				INFOPLIST_FILE = Messenger/Info.plist;
				LD_RUNPATH_SEARCH_PATHS = (
					"$(inherited)",
					"@executable_path/Frameworks",
				);
				PRODUCT_BUNDLE_IDENTIFIER = "com.peter-bassem.Messenger";
				PRODUCT_NAME = "$(TARGET_NAME)";
				SWIFT_VERSION = 5.0;
				TARGETED_DEVICE_FAMILY = "1,2";
			};
			name = Debug;
		};
		E07EAD2924C537900010A31A /* Release */ = {
			isa = XCBuildConfiguration;
			baseConfigurationReference = 31870C8878D1000DEE244B00 /* Pods-Messenger.release.xcconfig */;
			buildSettings = {
				ASSETCATALOG_COMPILER_APPICON_NAME = AppIcon;
				CODE_SIGN_STYLE = Automatic;
				DEVELOPMENT_TEAM = 7V9A3KLB32;
				INFOPLIST_FILE = Messenger/Info.plist;
				LD_RUNPATH_SEARCH_PATHS = (
					"$(inherited)",
					"@executable_path/Frameworks",
				);
				PRODUCT_BUNDLE_IDENTIFIER = "com.peter-bassem.Messenger";
				PRODUCT_NAME = "$(TARGET_NAME)";
				SWIFT_VERSION = 5.0;
				TARGETED_DEVICE_FAMILY = "1,2";
			};
			name = Release;
		};
/* End XCBuildConfiguration section */

/* Begin XCConfigurationList section */
		E07EAD0E24C5378E0010A31A /* Build configuration list for PBXProject "Messenger" */ = {
			isa = XCConfigurationList;
			buildConfigurations = (
				E07EAD2524C537900010A31A /* Debug */,
				E07EAD2624C537900010A31A /* Release */,
			);
			defaultConfigurationIsVisible = 0;
			defaultConfigurationName = Release;
		};
		E07EAD2724C537900010A31A /* Build configuration list for PBXNativeTarget "Messenger" */ = {
			isa = XCConfigurationList;
			buildConfigurations = (
				E07EAD2824C537900010A31A /* Debug */,
				E07EAD2924C537900010A31A /* Release */,
			);
			defaultConfigurationIsVisible = 0;
			defaultConfigurationName = Release;
		};
/* End XCConfigurationList section */
	};
	rootObject = E07EAD0B24C5378E0010A31A /* Project object */;
}
